PODS:
  - CocoaLumberjack (3.5.3):
    - CocoaLumberjack/Core (= 3.5.3)
  - CocoaLumberjack/Core (3.5.3)
  - Expecta (1.0.6)
  - FormatterKit/Resources (1.8.2)
  - FormatterKit/TimeIntervalFormatter (1.8.2):
    - FormatterKit/Resources
  - OCMock (3.4.3)
  - OHHTTPStubs (8.0.0):
    - OHHTTPStubs/Default (= 8.0.0)
  - OHHTTPStubs/Core (8.0.0)
  - OHHTTPStubs/Default (8.0.0):
    - OHHTTPStubs/Core
    - OHHTTPStubs/JSON
    - OHHTTPStubs/NSURLSession
    - OHHTTPStubs/OHPathHelpers
  - OHHTTPStubs/JSON (8.0.0):
    - OHHTTPStubs/Core
  - OHHTTPStubs/NSURLSession (8.0.0):
    - OHHTTPStubs/Core
  - OHHTTPStubs/OHPathHelpers (8.0.0)
  - OHHTTPStubs/Swift (8.0.0):
    - OHHTTPStubs/Default
  - Specta (1.0.7)
  - SwiftLint (0.39.2)

DEPENDENCIES:
  - CocoaLumberjack (~> 3.4)
  - Expecta (= 1.0.6)
  - FormatterKit/TimeIntervalFormatter (= 1.8.2)
  - OCMock (~> 3.4)
  - OHHTTPStubs (~> 8)
  - OHHTTPStubs/Swift (~> 8)
  - Specta (= 1.0.7)
  - SwiftLint (from `https://github.com/realm/SwiftLint`, branch `feature/remote-child-parent-configs`)

SPEC REPOS:
  trunk:
    - CocoaLumberjack
    - Expecta
    - FormatterKit
    - OCMock
    - OHHTTPStubs
    - Specta

EXTERNAL SOURCES:
  SwiftLint:
    :branch: feature/remote-child-parent-configs
    :git: https://github.com/realm/SwiftLint

CHECKOUT OPTIONS:
  SwiftLint:
    :commit: d95c3ac28376efd423111a18ebfd9410a1feae20
    :git: https://github.com/realm/SwiftLint

SPEC CHECKSUMS:
  CocoaLumberjack: 2f44e60eb91c176d471fdba43b9e3eae6a721947
  Expecta: 3b6bd90a64b9a1dcb0b70aa0e10a7f8f631667d5
  FormatterKit: 4b8f29acc9b872d5d12a63efb560661e8f2e1b98
  OCMock: 43565190abc78977ad44a61c0d20d7f0784d35ab
  OHHTTPStubs: 9cbce6364bec557cc3439aa6bb7514670d780881
  Specta: 3e1bd89c3517421982dc4d1c992503e48bd5fe66
  SwiftLint: 22ccbbe3b8008684be5955693bab135e0ed6a447

PODFILE CHECKSUM: 3d1d0b131967b61bd2445fec04184d0f7ee3caac

COCOAPODS: 1.9.3
