PODS:
  - CocoaLumberjack (3.5.2):
    - CocoaLumberjack/Core (= 3.5.2)
  - CocoaLumberjack/Core (3.5.2)
  - Expecta (1.0.6)
  - FormatterKit/Resources (1.8.2)
  - FormatterKit/TimeIntervalFormatter (1.8.2):
    - FormatterKit/Resources
  - OCMock (3.4.3)
  - OHHTTPStubs (6.1.0):
    - OHHTTPStubs/Default (= 6.1.0)
  - OHHTTPStubs/Core (6.1.0)
  - OHHTTPStubs/Default (6.1.0):
    - OHHTTPStubs/Core
    - OHHTTPStubs/JSON
    - OHHTTPStubs/NSURLSession
    - OHHTTPStubs/OHPathHelpers
  - OHHTTPStubs/JSON (6.1.0):
    - OHHTTPStubs/Core
  - OHHTTPStubs/NSURLSession (6.1.0):
    - OHHTTPStubs/Core
  - OHHTTPStubs/OHPathHelpers (6.1.0)
  - OHHTTPStubs/Swift (6.1.0):
    - OHHTTPStubs/Default
  - Specta (1.0.7)

DEPENDENCIES:
  - CocoaLumberjack (~> 3.4)
  - Expecta (= 1.0.6)
  - FormatterKit/TimeIntervalFormatter (= 1.8.2)
  - OCMock (~> 3.4)
  - OHHTTPStubs (= 6.1.0)
  - OHHTTPStubs/Swift (= 6.1.0)
  - Specta (= 1.0.7)

SPEC REPOS:
  https://github.com/cocoapods/specs.git:
    - CocoaLumberjack
    - Expecta
    - FormatterKit
    - OCMock
    - OHHTTPStubs
    - Specta

SPEC CHECKSUMS:
  CocoaLumberjack: 118bf4a820efc641f79fa487b75ed928dccfae23
  Expecta: 3b6bd90a64b9a1dcb0b70aa0e10a7f8f631667d5
  FormatterKit: 4b8f29acc9b872d5d12a63efb560661e8f2e1b98
  OCMock: 43565190abc78977ad44a61c0d20d7f0784d35ab
  OHHTTPStubs: 1e21c7d2c084b8153fc53d48400d8919d2d432d0
  Specta: 3e1bd89c3517421982dc4d1c992503e48bd5fe66

PODFILE CHECKSUM: eb829a687e5e6f6e8da92abc9dbeb35b90e32550

COCOAPODS: 1.5.3
