PODS:
  - CocoaLumberjack (2.2.0):
    - CocoaLumberjack/Default (= 2.2.0)
    - CocoaLumberjack/Extensions (= 2.2.0)
  - CocoaLumberjack/Core (2.2.0)
  - CocoaLumberjack/Default (2.2.0):
    - CocoaLumberjack/Core
  - CocoaLumberjack/Extensions (2.2.0):
    - CocoaLumberjack/Default
  - WordPress-iOS-Shared (0.5.5):
    - CocoaLumberjack (~> 2.2.0)

DEPENDENCIES:
  - WordPress-iOS-Shared (from `../`)

EXTERNAL SOURCES:
  WordPress-iOS-Shared:
    :path: "../"

SPEC CHECKSUMS:
  CocoaLumberjack: 17fe8581f84914d5d7e6360f7c70022b173c3ae0
  WordPress-iOS-Shared: 99fd974e8831cc02edb48429fa689155c85de79f

COCOAPODS: 0.39.0
