PODS:
  - CocoaLumberjack (2.2.0):
    - CocoaLumberjack/Default (= 2.2.0)
    - CocoaLumberjack/Extensions (= 2.2.0)
  - CocoaLumberjack/Core (2.2.0)
  - CocoaLumberjack/Default (2.2.0):
    - CocoaLumberjack/Core
  - CocoaLumberjack/Extensions (2.2.0):
    - CocoaLumberjack/Default
  - WordPress-iOS-Shared (0.5.8):
    - CocoaLumberjack (~> 2.2.0)

DEPENDENCIES:
  - WordPress-iOS-Shared (from `../`)

EXTERNAL SOURCES:
  WordPress-iOS-Shared:
    :path: ../

SPEC CHECKSUMS:
  CocoaLumberjack: 17fe8581f84914d5d7e6360f7c70022b173c3ae0
  WordPress-iOS-Shared: 63e8fccdcaa217c53abb212879b2add52e44d4d9

PODFILE CHECKSUM: 8196d0bef0b4757ec5d593c176fec8a0ebac8e4f

COCOAPODS: 1.0.0
