{
  "pins" : [
    {
      "identity" : "swift-syntax",
      "kind" : "remoteSourceControl",
      "location" : "https://github.com/apple/swift-syntax.git",
      "state" : {
        "revision" : "72d3da66b085c2299dd287c2be3b92b5ebd226de",
        "version" : "0.50700.1"
      }
    }
  ],
  "version" : 2
}
