// !$*UTF8*$!
{
	archiveVersion = 1;
	classes = {
	};
	objectVersion = 46;
	objects = {

/* Begin PBXBuildFile section */
		43333D7D7E2FC4CAFFD1E37C /* Pods_WordPressShared_WordPress_iOS_SharedTests.framework in Frameworks */ = {isa = PBXBuildFile; fileRef = 7DBFD642721FF831D13984A8 /* Pods_WordPressShared_WordPress_iOS_SharedTests.framework */; };
		57D61970C6137245AD269A69 /* Pods_WordPressShared.framework in Frameworks */ = {isa = PBXBuildFile; fileRef = 475F36C21B3378AB55630D09 /* Pods_WordPressShared.framework */; };
		931A0FFC192A9CDD00D3CC11 /* XCTest.framework in Frameworks */ = {isa = PBXBuildFile; fileRef = 931A0FFB192A9CDD00D3CC11 /* XCTest.framework */; };
		931A0FFD192A9CDD00D3CC11 /* Foundation.framework in Frameworks */ = {isa = PBXBuildFile; fileRef = 931A0FED192A9CDD00D3CC11 /* Foundation.framework */; };
		931A0FFF192A9CDD00D3CC11 /* UIKit.framework in Frameworks */ = {isa = PBXBuildFile; fileRef = 931A0FFE192A9CDD00D3CC11 /* UIKit.framework */; };
		931A1008192A9CDD00D3CC11 /* InfoPlist.strings in Resources */ = {isa = PBXBuildFile; fileRef = 931A1006192A9CDD00D3CC11 /* InfoPlist.strings */; };
		931A1038192AA34300D3CC11 /* WPImageSourceTest.m in Sources */ = {isa = PBXBuildFile; fileRef = 931A1037192AA34300D3CC11 /* WPImageSourceTest.m */; };
		931A103E192AA3DB00D3CC11 /* test-image.jpg in Resources */ = {isa = PBXBuildFile; fileRef = 931A103D192AA3DB00D3CC11 /* test-image.jpg */; };
		93BCF8B21CE37277005954A3 /* WPSharedLoggingPrivate.m in Sources */ = {isa = PBXBuildFile; fileRef = 93BCF8AD1CE37096005954A3 /* WPSharedLoggingPrivate.m */; };
		93BCF8B31CE3727A005954A3 /* WPSharedLogging.m in Sources */ = {isa = PBXBuildFile; fileRef = 93BCF8B01CE370BA005954A3 /* WPSharedLogging.m */; };
		93BCF8B41CE372A2005954A3 /* WPSharedLoggingPrivate.h in Headers */ = {isa = PBXBuildFile; fileRef = 93BCF8AC1CE37096005954A3 /* WPSharedLoggingPrivate.h */; };
		93BCF8B51CE372A9005954A3 /* WPSharedLogging.h in Headers */ = {isa = PBXBuildFile; fileRef = 93BCF8AF1CE370BA005954A3 /* WPSharedLogging.h */; };
		E1016BFC1CBF760F00CE57D8 /* WordPressShared.h in Headers */ = {isa = PBXBuildFile; fileRef = E1016BFB1CBF760F00CE57D8 /* WordPressShared.h */; settings = {ATTRIBUTES = (Public, ); }; };
		E1016C1D1CBF763D00CE57D8 /* UIColor+Helpers.m in Sources */ = {isa = PBXBuildFile; fileRef = 931A1034192AA03600D3CC11 /* UIColor+Helpers.m */; };
		E1016C1E1CBF763D00CE57D8 /* WPNoResultsView.m in Sources */ = {isa = PBXBuildFile; fileRef = 931A101F192A9DD500D3CC11 /* WPNoResultsView.m */; };
		E1016C1F1CBF763D00CE57D8 /* WPNUXUtility.m in Sources */ = {isa = PBXBuildFile; fileRef = 931A1025192A9E0B00D3CC11 /* WPNUXUtility.m */; };
		E1016C201CBF763D00CE57D8 /* WPStyleGuide.m in Sources */ = {isa = PBXBuildFile; fileRef = 931A1022192A9DFC00D3CC11 /* WPStyleGuide.m */; };
		E1016C211CBF763D00CE57D8 /* WPTableViewCell.m in Sources */ = {isa = PBXBuildFile; fileRef = 931A1028192A9E2400D3CC11 /* WPTableViewCell.m */; };
		E1016C231CBF763D00CE57D8 /* WPTextFieldTableViewCell.m in Sources */ = {isa = PBXBuildFile; fileRef = FF8DDCE01B5E91050098826F /* WPTextFieldTableViewCell.m */; };
		E1016C241CBF764100CE57D8 /* UIColor+Helpers.h in Headers */ = {isa = PBXBuildFile; fileRef = 931A1033192AA03600D3CC11 /* UIColor+Helpers.h */; settings = {ATTRIBUTES = (Public, ); }; };
		E1016C251CBF764100CE57D8 /* WPNoResultsView.h in Headers */ = {isa = PBXBuildFile; fileRef = 931A101E192A9DD500D3CC11 /* WPNoResultsView.h */; settings = {ATTRIBUTES = (Public, ); }; };
		E1016C261CBF764100CE57D8 /* WPNUXUtility.h in Headers */ = {isa = PBXBuildFile; fileRef = 931A1024192A9E0B00D3CC11 /* WPNUXUtility.h */; settings = {ATTRIBUTES = (Public, ); }; };
		E1016C271CBF764100CE57D8 /* WPStyleGuide.h in Headers */ = {isa = PBXBuildFile; fileRef = 931A1021192A9DFC00D3CC11 /* WPStyleGuide.h */; settings = {ATTRIBUTES = (Public, ); }; };
		E1016C281CBF764100CE57D8 /* WPTableViewCell.h in Headers */ = {isa = PBXBuildFile; fileRef = 931A1027192A9E2400D3CC11 /* WPTableViewCell.h */; settings = {ATTRIBUTES = (Public, ); }; };
		E1016C2A1CBF764100CE57D8 /* WPTextFieldTableViewCell.h in Headers */ = {isa = PBXBuildFile; fileRef = 931A1030192A9F3500D3CC11 /* WPTextFieldTableViewCell.h */; settings = {ATTRIBUTES = (Public, ); }; };
		E1016C2B1CBF764600CE57D8 /* UIImage+Util.h in Headers */ = {isa = PBXBuildFile; fileRef = 744DA844194F3A76002CD6E9 /* UIImage+Util.h */; settings = {ATTRIBUTES = (Public, ); }; };
		E1016C2C1CBF764600CE57D8 /* UIImage+Util.m in Sources */ = {isa = PBXBuildFile; fileRef = 744DA845194F3A76002CD6E9 /* UIImage+Util.m */; };
		E1016C2D1CBF764600CE57D8 /* WPImageSource.h in Headers */ = {isa = PBXBuildFile; fileRef = 931A101A192A9DA500D3CC11 /* WPImageSource.h */; settings = {ATTRIBUTES = (Public, ); }; };
		E1016C2E1CBF764600CE57D8 /* WPImageSource.m in Sources */ = {isa = PBXBuildFile; fileRef = 931A101B192A9DA500D3CC11 /* WPImageSource.m */; };
		E1016C2F1CBF764600CE57D8 /* NSString+Util.h in Headers */ = {isa = PBXBuildFile; fileRef = 931A1014192A9D5200D3CC11 /* NSString+Util.h */; settings = {ATTRIBUTES = (Public, ); }; };
		E1016C301CBF764600CE57D8 /* NSString+Util.m in Sources */ = {isa = PBXBuildFile; fileRef = 931A1015192A9D5200D3CC11 /* NSString+Util.m */; };
		E1016C311CBF764600CE57D8 /* NSString+XMLExtensions.h in Headers */ = {isa = PBXBuildFile; fileRef = 931A1017192A9D6E00D3CC11 /* NSString+XMLExtensions.h */; settings = {ATTRIBUTES = (Public, ); }; };
		E1016C321CBF764600CE57D8 /* NSString+XMLExtensions.m in Sources */ = {isa = PBXBuildFile; fileRef = 931A1018192A9D6E00D3CC11 /* NSString+XMLExtensions.m */; };
		E1016C331CBF764600CE57D8 /* WPDeviceIdentification.h in Headers */ = {isa = PBXBuildFile; fileRef = 598E770C1A8E3D1A0020DC05 /* WPDeviceIdentification.h */; settings = {ATTRIBUTES = (Public, ); }; };
		E1016C341CBF764600CE57D8 /* WPDeviceIdentification.m in Sources */ = {isa = PBXBuildFile; fileRef = 598E770D1A8E3D1A0020DC05 /* WPDeviceIdentification.m */; };
		E1016C351CBF764600CE57D8 /* WPFontManager.h in Headers */ = {isa = PBXBuildFile; fileRef = 74F535F61961F7E6002D4320 /* WPFontManager.h */; settings = {ATTRIBUTES = (Public, ); }; };
		E1016C361CBF764600CE57D8 /* WPFontManager.m in Sources */ = {isa = PBXBuildFile; fileRef = 74F535F71961F7E6002D4320 /* WPFontManager.m */; };
		E1016C391CBF7C5A00CE57D8 /* WordPressShared.framework in Frameworks */ = {isa = PBXBuildFile; fileRef = E1016BF91CBF760F00CE57D8 /* WordPressShared.framework */; };
		E1016C3E1CBF7E5800CE57D8 /* UIColorHelpersTests.swift in Sources */ = {isa = PBXBuildFile; fileRef = E1016C3D1CBF7E5800CE57D8 /* UIColorHelpersTests.swift */; };
		FFBC2B371CBBE10300B0379E /* anim-reader.gif in Resources */ = {isa = PBXBuildFile; fileRef = FFBC2B361CBBE10300B0379E /* anim-reader.gif */; };
/* End PBXBuildFile section */

/* Begin PBXContainerItemProxy section */
		E1016C3A1CBF7C6000CE57D8 /* PBXContainerItemProxy */ = {
			isa = PBXContainerItemProxy;
			containerPortal = 931A0FE2192A9CDD00D3CC11 /* Project object */;
			proxyType = 1;
			remoteGlobalIDString = E1016BF81CBF760F00CE57D8;
			remoteInfo = WordPressShared;
		};
/* End PBXContainerItemProxy section */

/* Begin PBXFileReference section */
		475F36C21B3378AB55630D09 /* Pods_WordPressShared.framework */ = {isa = PBXFileReference; explicitFileType = wrapper.framework; includeInIndex = 0; path = Pods_WordPressShared.framework; sourceTree = BUILT_PRODUCTS_DIR; };
		51FFC900720448EAC39FDA2E /* Pods-WordPressShared-WordPress-iOS-SharedTests.debug.xcconfig */ = {isa = PBXFileReference; includeInIndex = 1; lastKnownFileType = text.xcconfig; name = "Pods-WordPressShared-WordPress-iOS-SharedTests.debug.xcconfig"; path = "Pods/Target Support Files/Pods-WordPressShared-WordPress-iOS-SharedTests/Pods-WordPressShared-WordPress-iOS-SharedTests.debug.xcconfig"; sourceTree = "<group>"; };
		598E770C1A8E3D1A0020DC05 /* WPDeviceIdentification.h */ = {isa = PBXFileReference; fileEncoding = 4; lastKnownFileType = sourcecode.c.h; name = WPDeviceIdentification.h; path = Core/WPDeviceIdentification.h; sourceTree = "<group>"; };
		598E770D1A8E3D1A0020DC05 /* WPDeviceIdentification.m */ = {isa = PBXFileReference; fileEncoding = 4; lastKnownFileType = sourcecode.c.objc; name = WPDeviceIdentification.m; path = Core/WPDeviceIdentification.m; sourceTree = "<group>"; };
		744DA844194F3A76002CD6E9 /* UIImage+Util.h */ = {isa = PBXFileReference; fileEncoding = 4; lastKnownFileType = sourcecode.c.h; name = "UIImage+Util.h"; path = "Core/UIImage+Util.h"; sourceTree = "<group>"; };
		744DA845194F3A76002CD6E9 /* UIImage+Util.m */ = {isa = PBXFileReference; fileEncoding = 4; lastKnownFileType = sourcecode.c.objc; name = "UIImage+Util.m"; path = "Core/UIImage+Util.m"; sourceTree = "<group>"; };
		74F535F61961F7E6002D4320 /* WPFontManager.h */ = {isa = PBXFileReference; lastKnownFileType = sourcecode.c.h; name = WPFontManager.h; path = Core/WPFontManager.h; sourceTree = "<group>"; };
		74F535F71961F7E6002D4320 /* WPFontManager.m */ = {isa = PBXFileReference; lastKnownFileType = sourcecode.c.objc; name = WPFontManager.m; path = Core/WPFontManager.m; sourceTree = "<group>"; };
		7DBFD642721FF831D13984A8 /* Pods_WordPressShared_WordPress_iOS_SharedTests.framework */ = {isa = PBXFileReference; explicitFileType = wrapper.framework; includeInIndex = 0; path = Pods_WordPressShared_WordPress_iOS_SharedTests.framework; sourceTree = BUILT_PRODUCTS_DIR; };
		850CB71763A601F0D631618C /* Pods-WordPressShared-WordPress-iOS-SharedTests.release.xcconfig */ = {isa = PBXFileReference; includeInIndex = 1; lastKnownFileType = text.xcconfig; name = "Pods-WordPressShared-WordPress-iOS-SharedTests.release.xcconfig"; path = "Pods/Target Support Files/Pods-WordPressShared-WordPress-iOS-SharedTests/Pods-WordPressShared-WordPress-iOS-SharedTests.release.xcconfig"; sourceTree = "<group>"; };
		9309B52B192BEECC00B69F69 /* WordPressShared.h */ = {isa = PBXFileReference; fileEncoding = 4; lastKnownFileType = sourcecode.c.h; name = WordPressShared.h; path = Exclude/WordPressShared.h; sourceTree = "<group>"; };
		9309B52C192BEECC00B69F69 /* WordPressShared.m */ = {isa = PBXFileReference; fileEncoding = 4; lastKnownFileType = sourcecode.c.objc; name = WordPressShared.m; path = Exclude/WordPressShared.m; sourceTree = "<group>"; };
		931A0FED192A9CDD00D3CC11 /* Foundation.framework */ = {isa = PBXFileReference; lastKnownFileType = wrapper.framework; name = Foundation.framework; path = System/Library/Frameworks/Foundation.framework; sourceTree = SDKROOT; };
		931A0FF1192A9CDD00D3CC11 /* WordPress-iOS-Shared-Prefix.pch */ = {isa = PBXFileReference; lastKnownFileType = sourcecode.c.h; path = "WordPress-iOS-Shared-Prefix.pch"; sourceTree = "<group>"; };
		931A0FFA192A9CDD00D3CC11 /* WordPress-iOS-SharedTests.xctest */ = {isa = PBXFileReference; explicitFileType = wrapper.cfbundle; includeInIndex = 0; path = "WordPress-iOS-SharedTests.xctest"; sourceTree = BUILT_PRODUCTS_DIR; };
		931A0FFB192A9CDD00D3CC11 /* XCTest.framework */ = {isa = PBXFileReference; lastKnownFileType = wrapper.framework; name = XCTest.framework; path = Library/Frameworks/XCTest.framework; sourceTree = DEVELOPER_DIR; };
		931A0FFE192A9CDD00D3CC11 /* UIKit.framework */ = {isa = PBXFileReference; lastKnownFileType = wrapper.framework; name = UIKit.framework; path = Library/Frameworks/UIKit.framework; sourceTree = DEVELOPER_DIR; };
		931A1005192A9CDD00D3CC11 /* WordPress-iOS-SharedTests-Info.plist */ = {isa = PBXFileReference; lastKnownFileType = text.plist.xml; path = "WordPress-iOS-SharedTests-Info.plist"; sourceTree = "<group>"; };
		931A1007192A9CDD00D3CC11 /* en */ = {isa = PBXFileReference; lastKnownFileType = text.plist.strings; name = en; path = en.lproj/InfoPlist.strings; sourceTree = "<group>"; };
		931A1014192A9D5200D3CC11 /* NSString+Util.h */ = {isa = PBXFileReference; fileEncoding = 4; lastKnownFileType = sourcecode.c.h; name = "NSString+Util.h"; path = "Core/NSString+Util.h"; sourceTree = "<group>"; };
		931A1015192A9D5200D3CC11 /* NSString+Util.m */ = {isa = PBXFileReference; fileEncoding = 4; lastKnownFileType = sourcecode.c.objc; name = "NSString+Util.m"; path = "Core/NSString+Util.m"; sourceTree = "<group>"; };
		931A1017192A9D6E00D3CC11 /* NSString+XMLExtensions.h */ = {isa = PBXFileReference; fileEncoding = 4; lastKnownFileType = sourcecode.c.h; name = "NSString+XMLExtensions.h"; path = "Core/NSString+XMLExtensions.h"; sourceTree = "<group>"; };
		931A1018192A9D6E00D3CC11 /* NSString+XMLExtensions.m */ = {isa = PBXFileReference; fileEncoding = 4; lastKnownFileType = sourcecode.c.objc; name = "NSString+XMLExtensions.m"; path = "Core/NSString+XMLExtensions.m"; sourceTree = "<group>"; };
		931A101A192A9DA500D3CC11 /* WPImageSource.h */ = {isa = PBXFileReference; fileEncoding = 4; lastKnownFileType = sourcecode.c.h; name = WPImageSource.h; path = Core/WPImageSource.h; sourceTree = "<group>"; };
		931A101B192A9DA500D3CC11 /* WPImageSource.m */ = {isa = PBXFileReference; fileEncoding = 4; lastKnownFileType = sourcecode.c.objc; name = WPImageSource.m; path = Core/WPImageSource.m; sourceTree = "<group>"; };
		931A101E192A9DD500D3CC11 /* WPNoResultsView.h */ = {isa = PBXFileReference; fileEncoding = 4; lastKnownFileType = sourcecode.c.h; name = WPNoResultsView.h; path = Core/WPNoResultsView.h; sourceTree = "<group>"; };
		931A101F192A9DD500D3CC11 /* WPNoResultsView.m */ = {isa = PBXFileReference; fileEncoding = 4; lastKnownFileType = sourcecode.c.objc; name = WPNoResultsView.m; path = Core/WPNoResultsView.m; sourceTree = "<group>"; };
		931A1021192A9DFC00D3CC11 /* WPStyleGuide.h */ = {isa = PBXFileReference; fileEncoding = 4; lastKnownFileType = sourcecode.c.h; name = WPStyleGuide.h; path = Core/WPStyleGuide.h; sourceTree = "<group>"; };
		931A1022192A9DFC00D3CC11 /* WPStyleGuide.m */ = {isa = PBXFileReference; fileEncoding = 4; lastKnownFileType = sourcecode.c.objc; name = WPStyleGuide.m; path = Core/WPStyleGuide.m; sourceTree = "<group>"; };
		931A1024192A9E0B00D3CC11 /* WPNUXUtility.h */ = {isa = PBXFileReference; fileEncoding = 4; lastKnownFileType = sourcecode.c.h; name = WPNUXUtility.h; path = Core/WPNUXUtility.h; sourceTree = "<group>"; };
		931A1025192A9E0B00D3CC11 /* WPNUXUtility.m */ = {isa = PBXFileReference; fileEncoding = 4; lastKnownFileType = sourcecode.c.objc; name = WPNUXUtility.m; path = Core/WPNUXUtility.m; sourceTree = "<group>"; };
		931A1027192A9E2400D3CC11 /* WPTableViewCell.h */ = {isa = PBXFileReference; fileEncoding = 4; lastKnownFileType = sourcecode.c.h; name = WPTableViewCell.h; path = Core/WPTableViewCell.h; sourceTree = "<group>"; };
		931A1028192A9E2400D3CC11 /* WPTableViewCell.m */ = {isa = PBXFileReference; fileEncoding = 4; lastKnownFileType = sourcecode.c.objc; name = WPTableViewCell.m; path = Core/WPTableViewCell.m; sourceTree = "<group>"; };
		931A1030192A9F3500D3CC11 /* WPTextFieldTableViewCell.h */ = {isa = PBXFileReference; fileEncoding = 4; lastKnownFileType = sourcecode.c.h; name = WPTextFieldTableViewCell.h; path = Core/WPTextFieldTableViewCell.h; sourceTree = "<group>"; };
		931A1033192AA03600D3CC11 /* UIColor+Helpers.h */ = {isa = PBXFileReference; fileEncoding = 4; lastKnownFileType = sourcecode.c.h; name = "UIColor+Helpers.h"; path = "Core/UIColor+Helpers.h"; sourceTree = "<group>"; };
		931A1034192AA03600D3CC11 /* UIColor+Helpers.m */ = {isa = PBXFileReference; fileEncoding = 4; lastKnownFileType = sourcecode.c.objc; name = "UIColor+Helpers.m"; path = "Core/UIColor+Helpers.m"; sourceTree = "<group>"; };
		931A1037192AA34300D3CC11 /* WPImageSourceTest.m */ = {isa = PBXFileReference; fileEncoding = 4; lastKnownFileType = sourcecode.c.objc; path = WPImageSourceTest.m; sourceTree = "<group>"; };
		931A103D192AA3DB00D3CC11 /* test-image.jpg */ = {isa = PBXFileReference; lastKnownFileType = image.jpeg; path = "test-image.jpg"; sourceTree = "<group>"; };
		93BCF8AC1CE37096005954A3 /* WPSharedLoggingPrivate.h */ = {isa = PBXFileReference; fileEncoding = 4; lastKnownFileType = sourcecode.c.h; name = WPSharedLoggingPrivate.h; path = ../Private/WPSharedLoggingPrivate.h; sourceTree = "<group>"; };
		93BCF8AD1CE37096005954A3 /* WPSharedLoggingPrivate.m */ = {isa = PBXFileReference; fileEncoding = 4; lastKnownFileType = sourcecode.c.objc; name = WPSharedLoggingPrivate.m; path = ../Private/WPSharedLoggingPrivate.m; sourceTree = "<group>"; };
		93BCF8AF1CE370BA005954A3 /* WPSharedLogging.h */ = {isa = PBXFileReference; fileEncoding = 4; lastKnownFileType = sourcecode.c.h; path = WPSharedLogging.h; sourceTree = "<group>"; };
		93BCF8B01CE370BA005954A3 /* WPSharedLogging.m */ = {isa = PBXFileReference; fileEncoding = 4; lastKnownFileType = sourcecode.c.objc; path = WPSharedLogging.m; sourceTree = "<group>"; };
		A2FEA497CC6E0F27CDD12570 /* Pods-WordPressShared.release.xcconfig */ = {isa = PBXFileReference; includeInIndex = 1; lastKnownFileType = text.xcconfig; name = "Pods-WordPressShared.release.xcconfig"; path = "Pods/Target Support Files/Pods-WordPressShared/Pods-WordPressShared.release.xcconfig"; sourceTree = "<group>"; };
		D77F180DAAA0EBEA9332D9D0 /* Pods-WordPressShared.debug.xcconfig */ = {isa = PBXFileReference; includeInIndex = 1; lastKnownFileType = text.xcconfig; name = "Pods-WordPressShared.debug.xcconfig"; path = "Pods/Target Support Files/Pods-WordPressShared/Pods-WordPressShared.debug.xcconfig"; sourceTree = "<group>"; };
		E1016BF91CBF760F00CE57D8 /* WordPressShared.framework */ = {isa = PBXFileReference; explicitFileType = wrapper.framework; includeInIndex = 0; path = WordPressShared.framework; sourceTree = BUILT_PRODUCTS_DIR; };
		E1016BFB1CBF760F00CE57D8 /* WordPressShared.h */ = {isa = PBXFileReference; lastKnownFileType = sourcecode.c.h; path = WordPressShared.h; sourceTree = "<group>"; };
		E1016BFD1CBF760F00CE57D8 /* Info.plist */ = {isa = PBXFileReference; lastKnownFileType = text.plist.xml; path = Info.plist; sourceTree = "<group>"; };
		E1016C371CBF794F00CE57D8 /* Pods.framework */ = {isa = PBXFileReference; lastKnownFileType = wrapper.framework; name = Pods.framework; path = "../../../Library/Developer/Xcode/DerivedData/WordPress-iOS-Shared-hfumuyfnkuhovufljfrgpelsvapk/Build/Products/Debug-iphonesimulator/Pods.framework"; sourceTree = "<group>"; };
		E1016C3C1CBF7E5700CE57D8 /* WordPress-iOS-SharedTests-Bridging-Header.h */ = {isa = PBXFileReference; lastKnownFileType = sourcecode.c.h; path = "WordPress-iOS-SharedTests-Bridging-Header.h"; sourceTree = "<group>"; };
		E1016C3D1CBF7E5800CE57D8 /* UIColorHelpersTests.swift */ = {isa = PBXFileReference; fileEncoding = 4; lastKnownFileType = sourcecode.swift; path = UIColorHelpersTests.swift; sourceTree = "<group>"; };
		FF14587C1CBE6D37004A5A0B /* README.md */ = {isa = PBXFileReference; fileEncoding = 4; lastKnownFileType = net.daringfireball.markdown; path = README.md; sourceTree = "<group>"; };
		FF14587D1CBE6D37004A5A0B /* Podfile */ = {isa = PBXFileReference; fileEncoding = 4; lastKnownFileType = text; path = Podfile; sourceTree = "<group>"; };
		FF14587E1CBE6D37004A5A0B /* LICENSE */ = {isa = PBXFileReference; fileEncoding = 4; lastKnownFileType = text; path = LICENSE; sourceTree = "<group>"; };
		FF1458801CBE6D59004A5A0B /* WordPress-iOS-Shared.podspec */ = {isa = PBXFileReference; fileEncoding = 4; lastKnownFileType = text; path = "WordPress-iOS-Shared.podspec"; sourceTree = "<group>"; };
		FF17CFFAE3A40C50CEE2D2F1 /* Pods.framework */ = {isa = PBXFileReference; explicitFileType = wrapper.framework; includeInIndex = 0; path = Pods.framework; sourceTree = BUILT_PRODUCTS_DIR; };
		FF8DDCE01B5E91050098826F /* WPTextFieldTableViewCell.m */ = {isa = PBXFileReference; fileEncoding = 4; lastKnownFileType = sourcecode.c.objc; name = WPTextFieldTableViewCell.m; path = Core/WPTextFieldTableViewCell.m; sourceTree = "<group>"; };
		FFBC2B361CBBE10300B0379E /* anim-reader.gif */ = {isa = PBXFileReference; lastKnownFileType = image.gif; path = "anim-reader.gif"; sourceTree = "<group>"; };
/* End PBXFileReference section */

/* Begin PBXFrameworksBuildPhase section */
		931A0FF7192A9CDD00D3CC11 /* Frameworks */ = {
			isa = PBXFrameworksBuildPhase;
			buildActionMask = 2147483647;
			files = (
				E1016C391CBF7C5A00CE57D8 /* WordPressShared.framework in Frameworks */,
				931A0FFC192A9CDD00D3CC11 /* XCTest.framework in Frameworks */,
				931A0FFF192A9CDD00D3CC11 /* UIKit.framework in Frameworks */,
				931A0FFD192A9CDD00D3CC11 /* Foundation.framework in Frameworks */,
				43333D7D7E2FC4CAFFD1E37C /* Pods_WordPressShared_WordPress_iOS_SharedTests.framework in Frameworks */,
			);
			runOnlyForDeploymentPostprocessing = 0;
		};
		E1016BF51CBF760F00CE57D8 /* Frameworks */ = {
			isa = PBXFrameworksBuildPhase;
			buildActionMask = 2147483647;
			files = (
				57D61970C6137245AD269A69 /* Pods_WordPressShared.framework in Frameworks */,
			);
			runOnlyForDeploymentPostprocessing = 0;
		};
/* End PBXFrameworksBuildPhase section */

/* Begin PBXGroup section */
		6E554939143A0F5764FDEEDB /* Pods */ = {
			isa = PBXGroup;
			children = (
				D77F180DAAA0EBEA9332D9D0 /* Pods-WordPressShared.debug.xcconfig */,
				A2FEA497CC6E0F27CDD12570 /* Pods-WordPressShared.release.xcconfig */,
				51FFC900720448EAC39FDA2E /* Pods-WordPressShared-WordPress-iOS-SharedTests.debug.xcconfig */,
				850CB71763A601F0D631618C /* Pods-WordPressShared-WordPress-iOS-SharedTests.release.xcconfig */,
			);
			name = Pods;
			sourceTree = "<group>";
		};
		931A0FE1192A9CDD00D3CC11 = {
			isa = PBXGroup;
			children = (
				FF14587B1CBE6D24004A5A0B /* Podspec Metadata */,
				931A0FEF192A9CDD00D3CC11 /* WordPress-iOS-Shared */,
				931A1003192A9CDD00D3CC11 /* WordPress-iOS-SharedTests */,
				E1016BFA1CBF760F00CE57D8 /* WordPressShared */,
				931A0FEC192A9CDD00D3CC11 /* Frameworks */,
				931A0FEB192A9CDD00D3CC11 /* Products */,
				6E554939143A0F5764FDEEDB /* Pods */,
			);
			sourceTree = "<group>";
		};
		931A0FEB192A9CDD00D3CC11 /* Products */ = {
			isa = PBXGroup;
			children = (
				931A0FFA192A9CDD00D3CC11 /* WordPress-iOS-SharedTests.xctest */,
				E1016BF91CBF760F00CE57D8 /* WordPressShared.framework */,
			);
			name = Products;
			sourceTree = "<group>";
		};
		931A0FEC192A9CDD00D3CC11 /* Frameworks */ = {
			isa = PBXGroup;
			children = (
				E1016C371CBF794F00CE57D8 /* Pods.framework */,
				931A0FED192A9CDD00D3CC11 /* Foundation.framework */,
				931A0FFB192A9CDD00D3CC11 /* XCTest.framework */,
				931A0FFE192A9CDD00D3CC11 /* UIKit.framework */,
				FF17CFFAE3A40C50CEE2D2F1 /* Pods.framework */,
				475F36C21B3378AB55630D09 /* Pods_WordPressShared.framework */,
				7DBFD642721FF831D13984A8 /* Pods_WordPressShared_WordPress_iOS_SharedTests.framework */,
			);
			name = Frameworks;
			sourceTree = "<group>";
		};
		931A0FEF192A9CDD00D3CC11 /* WordPress-iOS-Shared */ = {
			isa = PBXGroup;
			children = (
				E154809F1A43035700FA4EDD /* Core */,
				931A0FF0192A9CDD00D3CC11 /* Supporting Files */,
			);
			path = "WordPress-iOS-Shared";
			sourceTree = "<group>";
		};
		931A0FF0192A9CDD00D3CC11 /* Supporting Files */ = {
			isa = PBXGroup;
			children = (
				931A0FF1192A9CDD00D3CC11 /* WordPress-iOS-Shared-Prefix.pch */,
				9309B52B192BEECC00B69F69 /* WordPressShared.h */,
				9309B52C192BEECC00B69F69 /* WordPressShared.m */,
			);
			name = "Supporting Files";
			sourceTree = "<group>";
		};
		931A1003192A9CDD00D3CC11 /* WordPress-iOS-SharedTests */ = {
			isa = PBXGroup;
			children = (
				931A1004192A9CDD00D3CC11 /* Supporting Files */,
				931A103C192AA3B500D3CC11 /* Test Data */,
				931A1036192AA33C00D3CC11 /* Tests */,
			);
			path = "WordPress-iOS-SharedTests";
			sourceTree = "<group>";
		};
		931A1004192A9CDD00D3CC11 /* Supporting Files */ = {
			isa = PBXGroup;
			children = (
				931A1005192A9CDD00D3CC11 /* WordPress-iOS-SharedTests-Info.plist */,
				931A1006192A9CDD00D3CC11 /* InfoPlist.strings */,
			);
			name = "Supporting Files";
			sourceTree = "<group>";
		};
		931A1013192A9CEA00D3CC11 /* Utility */ = {
			isa = PBXGroup;
			children = (
				744DA844194F3A76002CD6E9 /* UIImage+Util.h */,
				744DA845194F3A76002CD6E9 /* UIImage+Util.m */,
				931A101A192A9DA500D3CC11 /* WPImageSource.h */,
				931A101B192A9DA500D3CC11 /* WPImageSource.m */,
				931A1014192A9D5200D3CC11 /* NSString+Util.h */,
				931A1015192A9D5200D3CC11 /* NSString+Util.m */,
				931A1017192A9D6E00D3CC11 /* NSString+XMLExtensions.h */,
				931A1018192A9D6E00D3CC11 /* NSString+XMLExtensions.m */,
				598E770C1A8E3D1A0020DC05 /* WPDeviceIdentification.h */,
				598E770D1A8E3D1A0020DC05 /* WPDeviceIdentification.m */,
				74F535F61961F7E6002D4320 /* WPFontManager.h */,
				74F535F71961F7E6002D4320 /* WPFontManager.m */,
			);
			name = Utility;
			path = ..;
			sourceTree = "<group>";
		};
		931A101D192A9DC500D3CC11 /* Views */ = {
			isa = PBXGroup;
			children = (
				931A1033192AA03600D3CC11 /* UIColor+Helpers.h */,
				931A1034192AA03600D3CC11 /* UIColor+Helpers.m */,
				931A101E192A9DD500D3CC11 /* WPNoResultsView.h */,
				931A101F192A9DD500D3CC11 /* WPNoResultsView.m */,
				931A1024192A9E0B00D3CC11 /* WPNUXUtility.h */,
				931A1025192A9E0B00D3CC11 /* WPNUXUtility.m */,
				931A1021192A9DFC00D3CC11 /* WPStyleGuide.h */,
				931A1022192A9DFC00D3CC11 /* WPStyleGuide.m */,
				931A1027192A9E2400D3CC11 /* WPTableViewCell.h */,
				931A1028192A9E2400D3CC11 /* WPTableViewCell.m */,
				931A1030192A9F3500D3CC11 /* WPTextFieldTableViewCell.h */,
				FF8DDCE01B5E91050098826F /* WPTextFieldTableViewCell.m */,
			);
			name = Views;
			path = ..;
			sourceTree = "<group>";
		};
		931A1036192AA33C00D3CC11 /* Tests */ = {
			isa = PBXGroup;
			children = (
				931A1037192AA34300D3CC11 /* WPImageSourceTest.m */,
				E1016C3D1CBF7E5800CE57D8 /* UIColorHelpersTests.swift */,
				E1016C3C1CBF7E5700CE57D8 /* WordPress-iOS-SharedTests-Bridging-Header.h */,
			);
			name = Tests;
			sourceTree = "<group>";
		};
		931A103C192AA3B500D3CC11 /* Test Data */ = {
			isa = PBXGroup;
			children = (
				FFBC2B361CBBE10300B0379E /* anim-reader.gif */,
				931A103D192AA3DB00D3CC11 /* test-image.jpg */,
			);
			name = "Test Data";
			sourceTree = "<group>";
		};
		93BCF8AB1CE3707E005954A3 /* Logging */ = {
			isa = PBXGroup;
			children = (
				93BCF8AC1CE37096005954A3 /* WPSharedLoggingPrivate.h */,
				93BCF8AD1CE37096005954A3 /* WPSharedLoggingPrivate.m */,
				93BCF8AF1CE370BA005954A3 /* WPSharedLogging.h */,
				93BCF8B01CE370BA005954A3 /* WPSharedLogging.m */,
			);
			name = Logging;
			sourceTree = "<group>";
		};
		E1016BFA1CBF760F00CE57D8 /* WordPressShared */ = {
			isa = PBXGroup;
			children = (
				E1016BFB1CBF760F00CE57D8 /* WordPressShared.h */,
				E1016BFD1CBF760F00CE57D8 /* Info.plist */,
			);
			path = WordPressShared;
			sourceTree = "<group>";
		};
		E154809F1A43035700FA4EDD /* Core */ = {
			isa = PBXGroup;
			children = (
				93BCF8AB1CE3707E005954A3 /* Logging */,
				931A101D192A9DC500D3CC11 /* Views */,
				931A1013192A9CEA00D3CC11 /* Utility */,
			);
			path = Core;
			sourceTree = "<group>";
		};
		FF14587B1CBE6D24004A5A0B /* Podspec Metadata */ = {
			isa = PBXGroup;
			children = (
				FF1458801CBE6D59004A5A0B /* WordPress-iOS-Shared.podspec */,
				FF14587C1CBE6D37004A5A0B /* README.md */,
				FF14587D1CBE6D37004A5A0B /* Podfile */,
				FF14587E1CBE6D37004A5A0B /* LICENSE */,
			);
			name = "Podspec Metadata";
			sourceTree = "<group>";
		};
/* End PBXGroup section */

/* Begin PBXHeadersBuildPhase section */
		E1016BF61CBF760F00CE57D8 /* Headers */ = {
			isa = PBXHeadersBuildPhase;
			buildActionMask = 2147483647;
			files = (
				E1016C241CBF764100CE57D8 /* UIColor+Helpers.h in Headers */,
				E1016C271CBF764100CE57D8 /* WPStyleGuide.h in Headers */,
				E1016C2D1CBF764600CE57D8 /* WPImageSource.h in Headers */,
				E1016C2F1CBF764600CE57D8 /* NSString+Util.h in Headers */,
				E1016C251CBF764100CE57D8 /* WPNoResultsView.h in Headers */,
				93BCF8B41CE372A2005954A3 /* WPSharedLoggingPrivate.h in Headers */,
				E1016C2A1CBF764100CE57D8 /* WPTextFieldTableViewCell.h in Headers */,
				E1016C351CBF764600CE57D8 /* WPFontManager.h in Headers */,
				E1016C311CBF764600CE57D8 /* NSString+XMLExtensions.h in Headers */,
				E1016C331CBF764600CE57D8 /* WPDeviceIdentification.h in Headers */,
				E1016C2B1CBF764600CE57D8 /* UIImage+Util.h in Headers */,
				E1016C281CBF764100CE57D8 /* WPTableViewCell.h in Headers */,
				93BCF8B51CE372A9005954A3 /* WPSharedLogging.h in Headers */,
				E1016C261CBF764100CE57D8 /* WPNUXUtility.h in Headers */,
				E1016BFC1CBF760F00CE57D8 /* WordPressShared.h in Headers */,
			);
			runOnlyForDeploymentPostprocessing = 0;
		};
/* End PBXHeadersBuildPhase section */

/* Begin PBXNativeTarget section */
		931A0FF9192A9CDD00D3CC11 /* WordPress-iOS-SharedTests */ = {
			isa = PBXNativeTarget;
			buildConfigurationList = 931A1010192A9CDD00D3CC11 /* Build configuration list for PBXNativeTarget "WordPress-iOS-SharedTests" */;
			buildPhases = (
				9F89A91EA6CE988812DB0DC9 /* [CP] Check Pods Manifest.lock */,
				931A0FF6192A9CDD00D3CC11 /* Sources */,
				931A0FF7192A9CDD00D3CC11 /* Frameworks */,
				931A0FF8192A9CDD00D3CC11 /* Resources */,
				7F5C73EF3AEE512678A4C3FD /* [CP] Embed Pods Frameworks */,
				DB87001A33C367CF193D979D /* [CP] Copy Pods Resources */,
			);
			buildRules = (
			);
			dependencies = (
				E1016C3B1CBF7C6000CE57D8 /* PBXTargetDependency */,
			);
			name = "WordPress-iOS-SharedTests";
			productName = "WordPress-iOS-SharedTests";
			productReference = 931A0FFA192A9CDD00D3CC11 /* WordPress-iOS-SharedTests.xctest */;
			productType = "com.apple.product-type.bundle.unit-test";
		};
		E1016BF81CBF760F00CE57D8 /* WordPressShared */ = {
			isa = PBXNativeTarget;
			buildConfigurationList = E1016C001CBF760F00CE57D8 /* Build configuration list for PBXNativeTarget "WordPressShared" */;
			buildPhases = (
				6AFB49CB2061CC2B24BA2FEE /* [CP] Check Pods Manifest.lock */,
				E1016BF41CBF760F00CE57D8 /* Sources */,
				E1016BF51CBF760F00CE57D8 /* Frameworks */,
				E1016BF61CBF760F00CE57D8 /* Headers */,
				E1016BF71CBF760F00CE57D8 /* Resources */,
				17489704A53EEDB8A9E4BBEC /* [CP] Copy Pods Resources */,
			);
			buildRules = (
			);
			dependencies = (
			);
			name = WordPressShared;
			productName = WordPressShared;
			productReference = E1016BF91CBF760F00CE57D8 /* WordPressShared.framework */;
			productType = "com.apple.product-type.framework";
		};
/* End PBXNativeTarget section */

/* Begin PBXProject section */
		931A0FE2192A9CDD00D3CC11 /* Project object */ = {
			isa = PBXProject;
			attributes = {
				LastSwiftUpdateCheck = 0730;
				LastUpgradeCheck = 0800;
				ORGANIZATIONNAME = WordPress.org;
				TargetAttributes = {
					E1016BF81CBF760F00CE57D8 = {
						CreatedOnToolsVersion = 7.3;
					};
				};
			};
			buildConfigurationList = 931A0FE5192A9CDD00D3CC11 /* Build configuration list for PBXProject "WordPress-iOS-Shared" */;
			compatibilityVersion = "Xcode 3.2";
			developmentRegion = English;
			hasScannedForEncodings = 0;
			knownRegions = (
				en,
			);
			mainGroup = 931A0FE1192A9CDD00D3CC11;
			productRefGroup = 931A0FEB192A9CDD00D3CC11 /* Products */;
			projectDirPath = "";
			projectRoot = "";
			targets = (
				E1016BF81CBF760F00CE57D8 /* WordPressShared */,
				931A0FF9192A9CDD00D3CC11 /* WordPress-iOS-SharedTests */,
			);
		};
/* End PBXProject section */

/* Begin PBXResourcesBuildPhase section */
		931A0FF8192A9CDD00D3CC11 /* Resources */ = {
			isa = PBXResourcesBuildPhase;
			buildActionMask = 2147483647;
			files = (
				931A1008192A9CDD00D3CC11 /* InfoPlist.strings in Resources */,
				FFBC2B371CBBE10300B0379E /* anim-reader.gif in Resources */,
				931A103E192AA3DB00D3CC11 /* test-image.jpg in Resources */,
			);
			runOnlyForDeploymentPostprocessing = 0;
		};
		E1016BF71CBF760F00CE57D8 /* Resources */ = {
			isa = PBXResourcesBuildPhase;
			buildActionMask = 2147483647;
			files = (
			);
			runOnlyForDeploymentPostprocessing = 0;
		};
/* End PBXResourcesBuildPhase section */

/* Begin PBXShellScriptBuildPhase section */
		17489704A53EEDB8A9E4BBEC /* [CP] Copy Pods Resources */ = {
			isa = PBXShellScriptBuildPhase;
			buildActionMask = 2147483647;
			files = (
			);
			inputPaths = (
			);
			name = "[CP] Copy Pods Resources";
			outputPaths = (
			);
			runOnlyForDeploymentPostprocessing = 0;
			shellPath = /bin/sh;
			shellScript = "\"${SRCROOT}/Pods/Target Support Files/Pods-WordPressShared/Pods-WordPressShared-resources.sh\"\n";
			showEnvVarsInLog = 0;
		};
		6AFB49CB2061CC2B24BA2FEE /* [CP] Check Pods Manifest.lock */ = {
			isa = PBXShellScriptBuildPhase;
			buildActionMask = 2147483647;
			files = (
			);
			inputPaths = (
			);
			name = "[CP] Check Pods Manifest.lock";
			outputPaths = (
			);
			runOnlyForDeploymentPostprocessing = 0;
			shellPath = /bin/sh;
			shellScript = "diff \"${PODS_ROOT}/../Podfile.lock\" \"${PODS_ROOT}/Manifest.lock\" > /dev/null\nif [ $? != 0 ] ; then\n    # print error to STDERR\n    echo \"error: The sandbox is not in sync with the Podfile.lock. Run 'pod install' or update your CocoaPods installation.\" >&2\n    exit 1\nfi\n";
			showEnvVarsInLog = 0;
		};
		7F5C73EF3AEE512678A4C3FD /* [CP] Embed Pods Frameworks */ = {
			isa = PBXShellScriptBuildPhase;
			buildActionMask = 2147483647;
			files = (
			);
			inputPaths = (
			);
			name = "[CP] Embed Pods Frameworks";
			outputPaths = (
			);
			runOnlyForDeploymentPostprocessing = 0;
			shellPath = /bin/sh;
			shellScript = "\"${SRCROOT}/Pods/Target Support Files/Pods-WordPressShared-WordPress-iOS-SharedTests/Pods-WordPressShared-WordPress-iOS-SharedTests-frameworks.sh\"\n";
			showEnvVarsInLog = 0;
		};
		9F89A91EA6CE988812DB0DC9 /* [CP] Check Pods Manifest.lock */ = {
			isa = PBXShellScriptBuildPhase;
			buildActionMask = 2147483647;
			files = (
			);
			inputPaths = (
			);
			name = "[CP] Check Pods Manifest.lock";
			outputPaths = (
			);
			runOnlyForDeploymentPostprocessing = 0;
			shellPath = /bin/sh;
			shellScript = "diff \"${PODS_ROOT}/../Podfile.lock\" \"${PODS_ROOT}/Manifest.lock\" > /dev/null\nif [ $? != 0 ] ; then\n    # print error to STDERR\n    echo \"error: The sandbox is not in sync with the Podfile.lock. Run 'pod install' or update your CocoaPods installation.\" >&2\n    exit 1\nfi\n";
			showEnvVarsInLog = 0;
		};
		DB87001A33C367CF193D979D /* [CP] Copy Pods Resources */ = {
			isa = PBXShellScriptBuildPhase;
			buildActionMask = 2147483647;
			files = (
			);
			inputPaths = (
			);
			name = "[CP] Copy Pods Resources";
			outputPaths = (
			);
			runOnlyForDeploymentPostprocessing = 0;
			shellPath = /bin/sh;
			shellScript = "\"${SRCROOT}/Pods/Target Support Files/Pods-WordPressShared-WordPress-iOS-SharedTests/Pods-WordPressShared-WordPress-iOS-SharedTests-resources.sh\"\n";
			showEnvVarsInLog = 0;
		};
/* End PBXShellScriptBuildPhase section */

/* Begin PBXSourcesBuildPhase section */
		931A0FF6192A9CDD00D3CC11 /* Sources */ = {
			isa = PBXSourcesBuildPhase;
			buildActionMask = 2147483647;
			files = (
				931A1038192AA34300D3CC11 /* WPImageSourceTest.m in Sources */,
				E1016C3E1CBF7E5800CE57D8 /* UIColorHelpersTests.swift in Sources */,
			);
			runOnlyForDeploymentPostprocessing = 0;
		};
		E1016BF41CBF760F00CE57D8 /* Sources */ = {
			isa = PBXSourcesBuildPhase;
			buildActionMask = 2147483647;
			files = (
				E1016C1F1CBF763D00CE57D8 /* WPNUXUtility.m in Sources */,
				E1016C321CBF764600CE57D8 /* NSString+XMLExtensions.m in Sources */,
				E1016C211CBF763D00CE57D8 /* WPTableViewCell.m in Sources */,
				E1016C1D1CBF763D00CE57D8 /* UIColor+Helpers.m in Sources */,
				E1016C341CBF764600CE57D8 /* WPDeviceIdentification.m in Sources */,
				E1016C2C1CBF764600CE57D8 /* UIImage+Util.m in Sources */,
				E1016C231CBF763D00CE57D8 /* WPTextFieldTableViewCell.m in Sources */,
				E1016C2E1CBF764600CE57D8 /* WPImageSource.m in Sources */,
				E1016C361CBF764600CE57D8 /* WPFontManager.m in Sources */,
				E1016C301CBF764600CE57D8 /* NSString+Util.m in Sources */,
				E1016C1E1CBF763D00CE57D8 /* WPNoResultsView.m in Sources */,
				E1016C201CBF763D00CE57D8 /* WPStyleGuide.m in Sources */,
				93BCF8B31CE3727A005954A3 /* WPSharedLogging.m in Sources */,
				93BCF8B21CE37277005954A3 /* WPSharedLoggingPrivate.m in Sources */,
			);
			runOnlyForDeploymentPostprocessing = 0;
		};
/* End PBXSourcesBuildPhase section */

/* Begin PBXTargetDependency section */
		E1016C3B1CBF7C6000CE57D8 /* PBXTargetDependency */ = {
			isa = PBXTargetDependency;
			target = E1016BF81CBF760F00CE57D8 /* WordPressShared */;
			targetProxy = E1016C3A1CBF7C6000CE57D8 /* PBXContainerItemProxy */;
		};
/* End PBXTargetDependency section */

/* Begin PBXVariantGroup section */
		931A1006192A9CDD00D3CC11 /* InfoPlist.strings */ = {
			isa = PBXVariantGroup;
			children = (
				931A1007192A9CDD00D3CC11 /* en */,
			);
			name = InfoPlist.strings;
			sourceTree = "<group>";
		};
/* End PBXVariantGroup section */

/* Begin XCBuildConfiguration section */
		931A100B192A9CDD00D3CC11 /* Debug */ = {
			isa = XCBuildConfiguration;
			buildSettings = {
				ALWAYS_SEARCH_USER_PATHS = NO;
				CLANG_CXX_LANGUAGE_STANDARD = "gnu++0x";
				CLANG_CXX_LIBRARY = "libc++";
				CLANG_ENABLE_MODULES = YES;
				CLANG_ENABLE_OBJC_ARC = YES;
				CLANG_WARN_BOOL_CONVERSION = YES;
				CLANG_WARN_CONSTANT_CONVERSION = YES;
				CLANG_WARN_DIRECT_OBJC_ISA_USAGE = YES_ERROR;
				CLANG_WARN_EMPTY_BODY = YES;
				CLANG_WARN_ENUM_CONVERSION = YES;
				CLANG_WARN_INFINITE_RECURSION = YES;
				CLANG_WARN_INT_CONVERSION = YES;
				CLANG_WARN_OBJC_ROOT_CLASS = YES_ERROR;
				CLANG_WARN_SUSPICIOUS_MOVE = YES;
				CLANG_WARN_UNREACHABLE_CODE = YES;
				CLANG_WARN__DUPLICATE_METHOD_MATCH = YES;
				COPY_PHASE_STRIP = NO;
				ENABLE_STRICT_OBJC_MSGSEND = YES;
				ENABLE_TESTABILITY = YES;
				GCC_C_LANGUAGE_STANDARD = gnu99;
				GCC_DYNAMIC_NO_PIC = NO;
				GCC_NO_COMMON_BLOCKS = YES;
				GCC_OPTIMIZATION_LEVEL = 0;
				GCC_PREPROCESSOR_DEFINITIONS = (
					"DEBUG=1",
					"$(inherited)",
				);
				GCC_SYMBOLS_PRIVATE_EXTERN = NO;
				GCC_WARN_64_TO_32_BIT_CONVERSION = YES;
				GCC_WARN_ABOUT_RETURN_TYPE = YES_ERROR;
				GCC_WARN_UNDECLARED_SELECTOR = YES;
				GCC_WARN_UNINITIALIZED_AUTOS = YES_AGGRESSIVE;
				GCC_WARN_UNUSED_FUNCTION = YES;
				GCC_WARN_UNUSED_VARIABLE = YES;
				IPHONEOS_DEPLOYMENT_TARGET = 8.0;
				ONLY_ACTIVE_ARCH = YES;
				SDKROOT = iphoneos;
			};
			name = Debug;
		};
		931A100C192A9CDD00D3CC11 /* Release */ = {
			isa = XCBuildConfiguration;
			buildSettings = {
				ALWAYS_SEARCH_USER_PATHS = NO;
				CLANG_CXX_LANGUAGE_STANDARD = "gnu++0x";
				CLANG_CXX_LIBRARY = "libc++";
				CLANG_ENABLE_MODULES = YES;
				CLANG_ENABLE_OBJC_ARC = YES;
				CLANG_WARN_BOOL_CONVERSION = YES;
				CLANG_WARN_CONSTANT_CONVERSION = YES;
				CLANG_WARN_DIRECT_OBJC_ISA_USAGE = YES_ERROR;
				CLANG_WARN_EMPTY_BODY = YES;
				CLANG_WARN_ENUM_CONVERSION = YES;
				CLANG_WARN_INFINITE_RECURSION = YES;
				CLANG_WARN_INT_CONVERSION = YES;
				CLANG_WARN_OBJC_ROOT_CLASS = YES_ERROR;
				CLANG_WARN_SUSPICIOUS_MOVE = YES;
				CLANG_WARN_UNREACHABLE_CODE = YES;
				CLANG_WARN__DUPLICATE_METHOD_MATCH = YES;
				COPY_PHASE_STRIP = YES;
				ENABLE_NS_ASSERTIONS = NO;
				ENABLE_STRICT_OBJC_MSGSEND = YES;
				GCC_C_LANGUAGE_STANDARD = gnu99;
				GCC_NO_COMMON_BLOCKS = YES;
				GCC_WARN_64_TO_32_BIT_CONVERSION = YES;
				GCC_WARN_ABOUT_RETURN_TYPE = YES_ERROR;
				GCC_WARN_UNDECLARED_SELECTOR = YES;
				GCC_WARN_UNINITIALIZED_AUTOS = YES_AGGRESSIVE;
				GCC_WARN_UNUSED_FUNCTION = YES;
				GCC_WARN_UNUSED_VARIABLE = YES;
				IPHONEOS_DEPLOYMENT_TARGET = 8.0;
				SDKROOT = iphoneos;
				SWIFT_OPTIMIZATION_LEVEL = "-Owholemodule";
				VALIDATE_PRODUCT = YES;
			};
			name = Release;
		};
		931A1011192A9CDD00D3CC11 /* Debug */ = {
			isa = XCBuildConfiguration;
			baseConfigurationReference = 51FFC900720448EAC39FDA2E /* Pods-WordPressShared-WordPress-iOS-SharedTests.debug.xcconfig */;
			buildSettings = {
				CLANG_ENABLE_MODULES = YES;
				FRAMEWORK_SEARCH_PATHS = (
					"$(SDKROOT)/Developer/Library/Frameworks",
					"$(inherited)",
					"$(DEVELOPER_FRAMEWORKS_DIR)",
				);
				GCC_PRECOMPILE_PREFIX_HEADER = YES;
				GCC_PREFIX_HEADER = "WordPress-iOS-Shared/WordPress-iOS-Shared-Prefix.pch";
				GCC_PREPROCESSOR_DEFINITIONS = (
					"DEBUG=1",
					"$(inherited)",
				);
				INFOPLIST_FILE = "WordPress-iOS-SharedTests/WordPress-iOS-SharedTests-Info.plist";
				LD_RUNPATH_SEARCH_PATHS = "$(inherited) @executable_path/Frameworks @loader_path/Frameworks";
				PRODUCT_BUNDLE_IDENTIFIER = "org.wordpress.${PRODUCT_NAME:rfc1034identifier}";
				PRODUCT_NAME = "$(TARGET_NAME)";
				SWIFT_OBJC_BRIDGING_HEADER = "WordPress-iOS-SharedTests/WordPress-iOS-SharedTests-Bridging-Header.h";
				SWIFT_OPTIMIZATION_LEVEL = "-Onone";
				WRAPPER_EXTENSION = xctest;
			};
			name = Debug;
		};
		931A1012192A9CDD00D3CC11 /* Release */ = {
			isa = XCBuildConfiguration;
			baseConfigurationReference = 850CB71763A601F0D631618C /* Pods-WordPressShared-WordPress-iOS-SharedTests.release.xcconfig */;
			buildSettings = {
				CLANG_ENABLE_MODULES = YES;
				FRAMEWORK_SEARCH_PATHS = (
					"$(SDKROOT)/Developer/Library/Frameworks",
					"$(inherited)",
					"$(DEVELOPER_FRAMEWORKS_DIR)",
				);
				GCC_PRECOMPILE_PREFIX_HEADER = YES;
				GCC_PREFIX_HEADER = "WordPress-iOS-Shared/WordPress-iOS-Shared-Prefix.pch";
				INFOPLIST_FILE = "WordPress-iOS-SharedTests/WordPress-iOS-SharedTests-Info.plist";
				LD_RUNPATH_SEARCH_PATHS = "$(inherited) @executable_path/Frameworks @loader_path/Frameworks";
				PRODUCT_BUNDLE_IDENTIFIER = "org.wordpress.${PRODUCT_NAME:rfc1034identifier}";
				PRODUCT_NAME = "$(TARGET_NAME)";
				SWIFT_OBJC_BRIDGING_HEADER = "WordPress-iOS-SharedTests/WordPress-iOS-SharedTests-Bridging-Header.h";
				WRAPPER_EXTENSION = xctest;
			};
			name = Release;
		};
		E1016BFE1CBF760F00CE57D8 /* Debug */ = {
			isa = XCBuildConfiguration;
			baseConfigurationReference = D77F180DAAA0EBEA9332D9D0 /* Pods-WordPressShared.debug.xcconfig */;
			buildSettings = {
				CLANG_ANALYZER_NONNULL = YES;
				CLANG_WARN_UNREACHABLE_CODE = YES;
				"CODE_SIGN_IDENTITY[sdk=iphoneos*]" = "";
				CURRENT_PROJECT_VERSION = 1;
				DEBUG_INFORMATION_FORMAT = dwarf;
				DEFINES_MODULE = YES;
				DYLIB_COMPATIBILITY_VERSION = 1;
				DYLIB_CURRENT_VERSION = 1;
				DYLIB_INSTALL_NAME_BASE = "@rpath";
				ENABLE_STRICT_OBJC_MSGSEND = YES;
				ENABLE_TESTABILITY = YES;
				GCC_NO_COMMON_BLOCKS = YES;
				GCC_PRECOMPILE_PREFIX_HEADER = YES;
				GCC_PREFIX_HEADER = "WordPress-iOS-Shared/WordPress-iOS-Shared-Prefix.pch";
				INFOPLIST_FILE = WordPressShared/Info.plist;
				INSTALL_PATH = "$(LOCAL_LIBRARY_DIR)/Frameworks";
				IPHONEOS_DEPLOYMENT_TARGET = 8.0;
				LD_RUNPATH_SEARCH_PATHS = "$(inherited) @executable_path/Frameworks @loader_path/Frameworks";
				MTL_ENABLE_DEBUG_INFO = YES;
				PRODUCT_BUNDLE_IDENTIFIER = org.wordpress.WordPressShared;
				PRODUCT_NAME = "$(TARGET_NAME)";
				SKIP_INSTALL = YES;
				TARGETED_DEVICE_FAMILY = "1,2";
				VERSIONING_SYSTEM = "apple-generic";
				VERSION_INFO_PREFIX = "";
			};
			name = Debug;
		};
		E1016BFF1CBF760F00CE57D8 /* Release */ = {
			isa = XCBuildConfiguration;
			baseConfigurationReference = A2FEA497CC6E0F27CDD12570 /* Pods-WordPressShared.release.xcconfig */;
			buildSettings = {
				CLANG_ANALYZER_NONNULL = YES;
				CLANG_WARN_UNREACHABLE_CODE = YES;
				"CODE_SIGN_IDENTITY[sdk=iphoneos*]" = "";
				COPY_PHASE_STRIP = NO;
				CURRENT_PROJECT_VERSION = 1;
				DEBUG_INFORMATION_FORMAT = "dwarf-with-dsym";
				DEFINES_MODULE = YES;
				DYLIB_COMPATIBILITY_VERSION = 1;
				DYLIB_CURRENT_VERSION = 1;
				DYLIB_INSTALL_NAME_BASE = "@rpath";
				ENABLE_STRICT_OBJC_MSGSEND = YES;
				GCC_NO_COMMON_BLOCKS = YES;
				GCC_PRECOMPILE_PREFIX_HEADER = YES;
				GCC_PREFIX_HEADER = "WordPress-iOS-Shared/WordPress-iOS-Shared-Prefix.pch";
				INFOPLIST_FILE = WordPressShared/Info.plist;
				INSTALL_PATH = "$(LOCAL_LIBRARY_DIR)/Frameworks";
				IPHONEOS_DEPLOYMENT_TARGET = 8.0;
				LD_RUNPATH_SEARCH_PATHS = "$(inherited) @executable_path/Frameworks @loader_path/Frameworks";
				MTL_ENABLE_DEBUG_INFO = NO;
				PRODUCT_BUNDLE_IDENTIFIER = org.wordpress.WordPressShared;
				PRODUCT_NAME = "$(TARGET_NAME)";
				SKIP_INSTALL = YES;
				TARGETED_DEVICE_FAMILY = "1,2";
				VERSIONING_SYSTEM = "apple-generic";
				VERSION_INFO_PREFIX = "";
			};
			name = Release;
		};
/* End XCBuildConfiguration section */

/* Begin XCConfigurationList section */
		931A0FE5192A9CDD00D3CC11 /* Build configuration list for PBXProject "WordPress-iOS-Shared" */ = {
			isa = XCConfigurationList;
			buildConfigurations = (
				931A100B192A9CDD00D3CC11 /* Debug */,
				931A100C192A9CDD00D3CC11 /* Release */,
			);
			defaultConfigurationIsVisible = 0;
			defaultConfigurationName = Release;
		};
		931A1010192A9CDD00D3CC11 /* Build configuration list for PBXNativeTarget "WordPress-iOS-SharedTests" */ = {
			isa = XCConfigurationList;
			buildConfigurations = (
				931A1011192A9CDD00D3CC11 /* Debug */,
				931A1012192A9CDD00D3CC11 /* Release */,
			);
			defaultConfigurationIsVisible = 0;
			defaultConfigurationName = Release;
		};
		E1016C001CBF760F00CE57D8 /* Build configuration list for PBXNativeTarget "WordPressShared" */ = {
			isa = XCConfigurationList;
			buildConfigurations = (
				E1016BFE1CBF760F00CE57D8 /* Debug */,
				E1016BFF1CBF760F00CE57D8 /* Release */,
			);
			defaultConfigurationIsVisible = 0;
			defaultConfigurationName = Release;
		};
/* End XCConfigurationList section */
	};
	rootObject = 931A0FE2192A9CDD00D3CC11 /* Project object */;
}
